
Microsoft Visual Studio Solution File, Format Version 12.00
# Visual Studio Version 17
VisualStudioVersion = 17.0.32014.148
MinimumVisualStudioVersion = 10.0.40219.1
Project("{FAE04EC0-301F-11D3-BF4B-00C04F79EFBC}") = "python test", "python test\python test.csproj", "{4CA270E0-7709-413B-8FC9-A50268F5A602}"
EndProject
Global
	GlobalSection(SolutionConfigurationPlatforms) = preSolution
		Debug|Any CPU = Debug|Any CPU
		Release|Any CPU = Release|Any CPU
	EndGlobalSection
	GlobalSection(ProjectConfigurationPlatforms) = postSolution
		{4CA270E0-7709-413B-8FC9-A50268F5A602}.Debug|Any CPU.ActiveCfg = Debug|Any CPU
		{4CA270E0-7709-413B-8FC9-A50268F5A602}.Debug|Any CPU.Build.0 = Debug|Any CPU
		{4CA270E0-7709-413B-8FC9-A50268F5A602}.Release|Any CPU.ActiveCfg = Release|Any CPU
		{4CA270E0-7709-413B-8FC9-A50268F5A602}.Release|Any CPU.Build.0 = Release|Any CPU
	EndGlobalSection
	GlobalSection(SolutionProperties) = preSolution
		HideSolutionNode = FALSE
	EndGlobalSection
	GlobalSection(ExtensibilityGlobals) = postSolution
		SolutionGuid = {5C629852-3EC0-4564-A9C9-F1BE10F96B97}
	EndGlobalSection
EndGlobal
